// !$*UTF8*$!
{
	archiveVersion = 1;
	classes = {
	};
	objectVersion = 46;
	objects = {

/* Begin PBXBuildFile section */
		0A4C4B4E157DA51F003919BB /* UIKit.framework in Frameworks */ = {isa = PBXBuildFile; fileRef = 0A4C4B4D157DA51F003919BB /* UIKit.framework */; };
		0A4C4B50157DA51F003919BB /* Foundation.framework in Frameworks */ = {isa = PBXBuildFile; fileRef = 0A4C4B4F157DA51F003919BB /* Foundation.framework */; };
		0A4C4B52157DA51F003919BB /* CoreGraphics.framework in Frameworks */ = {isa = PBXBuildFile; fileRef = 0A4C4B51157DA51F003919BB /* CoreGraphics.framework */; };
		0A4C4B58157DA51F003919BB /* InfoPlist.strings in Resources */ = {isa = PBXBuildFile; fileRef = 0A4C4B56157DA51F003919BB /* InfoPlist.strings */; };
		0A4C4B5A157DA51F003919BB /* main.m in Sources */ = {isa = PBXBuildFile; fileRef = 0A4C4B59157DA51F003919BB /* main.m */; };
		0A4C4B5E157DA51F003919BB /* MBAppDelegate.m in Sources */ = {isa = PBXBuildFile; fileRef = 0A4C4B5D157DA51F003919BB /* MBAppDelegate.m */; };
		0A4C4B61157DA51F003919BB /* MainStoryboard.storyboard in Resources */ = {isa = PBXBuildFile; fileRef = 0A4C4B5F157DA51F003919BB /* MainStoryboard.storyboard */; };
		0A8680211596667400E6A5CF /* CoreLocation.framework in Frameworks */ = {isa = PBXBuildFile; fileRef = 0A8680201596667400E6A5CF /* CoreLocation.framework */; };
		3D22C26415F251E100451FA1 /* NSDictionary+MBAdditions.m in Sources */ = {isa = PBXBuildFile; fileRef = 3D22C26315F251E100451FA1 /* NSDictionary+MBAdditions.m */; };
		3D6377A315F03A120075003C /* MBAPIAccess.m in Sources */ = {isa = PBXBuildFile; fileRef = 3D6377A215F03A120075003C /* MBAPIAccess.m */; };
		3D6377A615F03E100075003C /* MBAddress.m in Sources */ = {isa = PBXBuildFile; fileRef = 3D6377A515F03E100075003C /* MBAddress.m */; };
		3D6377A915F040970075003C /* MBResponse.m in Sources */ = {isa = PBXBuildFile; fileRef = 3D6377A815F040970075003C /* MBResponse.m */; };
		3D72599415DE5052005E4539 /* MBMapViewController.m in Sources */ = {isa = PBXBuildFile; fileRef = 3D72599315DE5052005E4539 /* MBMapViewController.m */; };
		3D72599615DE51B8005E4539 /* MapKit.framework in Frameworks */ = {isa = PBXBuildFile; fileRef = 3D72599515DE51B8005E4539 /* MapKit.framework */; };
		3D72599815DE57CE005E4539 /* william.gpx in Resources */ = {isa = PBXBuildFile; fileRef = 3D72599715DE57CE005E4539 /* william.gpx */; };
/* End PBXBuildFile section */

/* Begin PBXFileReference section */
		0A4C4B49157DA51F003919BB /* Meter Beater.app */ = {isa = PBXFileReference; explicitFileType = wrapper.application; includeInIndex = 0; path = "Meter Beater.app"; sourceTree = BUILT_PRODUCTS_DIR; };
		0A4C4B4D157DA51F003919BB /* UIKit.framework */ = {isa = PBXFileReference; lastKnownFileType = wrapper.framework; name = UIKit.framework; path = System/Library/Frameworks/UIKit.framework; sourceTree = SDKROOT; };
		0A4C4B4F157DA51F003919BB /* Foundation.framework */ = {isa = PBXFileReference; lastKnownFileType = wrapper.framework; name = Foundation.framework; path = System/Library/Frameworks/Foundation.framework; sourceTree = SDKROOT; };
		0A4C4B51157DA51F003919BB /* CoreGraphics.framework */ = {isa = PBXFileReference; lastKnownFileType = wrapper.framework; name = CoreGraphics.framework; path = System/Library/Frameworks/CoreGraphics.framework; sourceTree = SDKROOT; };
		0A4C4B55157DA51F003919BB /* Meter Beater-Info.plist */ = {isa = PBXFileReference; lastKnownFileType = text.plist.xml; path = "Meter Beater-Info.plist"; sourceTree = "<group>"; };
		0A4C4B57157DA51F003919BB /* en */ = {isa = PBXFileReference; lastKnownFileType = text.plist.strings; name = en; path = en.lproj/InfoPlist.strings; sourceTree = "<group>"; };
		0A4C4B59157DA51F003919BB /* main.m */ = {isa = PBXFileReference; lastKnownFileType = sourcecode.c.objc; path = main.m; sourceTree = "<group>"; };
		0A4C4B5B157DA51F003919BB /* Meter Beater-Prefix.pch */ = {isa = PBXFileReference; lastKnownFileType = sourcecode.c.h; path = "Meter Beater-Prefix.pch"; sourceTree = "<group>"; };
		0A4C4B5C157DA51F003919BB /* MBAppDelegate.h */ = {isa = PBXFileReference; lastKnownFileType = sourcecode.c.h; path = MBAppDelegate.h; sourceTree = "<group>"; };
		0A4C4B5D157DA51F003919BB /* MBAppDelegate.m */ = {isa = PBXFileReference; lastKnownFileType = sourcecode.c.objc; path = MBAppDelegate.m; sourceTree = "<group>"; };
		0A4C4B60157DA51F003919BB /* en */ = {isa = PBXFileReference; lastKnownFileType = file.storyboard; name = en; path = en.lproj/MainStoryboard.storyboard; sourceTree = "<group>"; };
		0A8680201596667400E6A5CF /* CoreLocation.framework */ = {isa = PBXFileReference; lastKnownFileType = wrapper.framework; name = CoreLocation.framework; path = System/Library/Frameworks/CoreLocation.framework; sourceTree = SDKROOT; };
		3D22C26215F251E100451FA1 /* NSDictionary+MBAdditions.h */ = {isa = PBXFileReference; fileEncoding = 4; lastKnownFileType = sourcecode.c.h; path = "NSDictionary+MBAdditions.h"; sourceTree = "<group>"; };
		3D22C26315F251E100451FA1 /* NSDictionary+MBAdditions.m */ = {isa = PBXFileReference; fileEncoding = 4; lastKnownFileType = sourcecode.c.objc; path = "NSDictionary+MBAdditions.m"; sourceTree = "<group>"; };
		3D6377A115F03A120075003C /* MBAPIAccess.h */ = {isa = PBXFileReference; fileEncoding = 4; lastKnownFileType = sourcecode.c.h; path = MBAPIAccess.h; sourceTree = "<group>"; };
		3D6377A215F03A120075003C /* MBAPIAccess.m */ = {isa = PBXFileReference; fileEncoding = 4; lastKnownFileType = sourcecode.c.objc; path = MBAPIAccess.m; sourceTree = "<group>"; };
		3D6377A415F03E100075003C /* MBAddress.h */ = {isa = PBXFileReference; fileEncoding = 4; lastKnownFileType = sourcecode.c.h; path = MBAddress.h; sourceTree = "<group>"; };
		3D6377A515F03E100075003C /* MBAddress.m */ = {isa = PBXFileReference; fileEncoding = 4; lastKnownFileType = sourcecode.c.objc; path = MBAddress.m; sourceTree = "<group>"; };
		3D6377A715F040970075003C /* MBResponse.h */ = {isa = PBXFileReference; fileEncoding = 4; lastKnownFileType = sourcecode.c.h; path = MBResponse.h; sourceTree = "<group>"; };
		3D6377A815F040970075003C /* MBResponse.m */ = {isa = PBXFileReference; fileEncoding = 4; lastKnownFileType = sourcecode.c.objc; path = MBResponse.m; sourceTree = "<group>"; };
		3D6377AA15F04A070075003C /* kevin.gpx */ = {isa = PBXFileReference; lastKnownFileType = text.xml; path = kevin.gpx; sourceTree = "<group>"; };
		3D72599215DE5052005E4539 /* MBMapViewController.h */ = {isa = PBXFileReference; fileEncoding = 4; lastKnownFileType = sourcecode.c.h; path = MBMapViewController.h; sourceTree = "<group>"; };
		3D72599315DE5052005E4539 /* MBMapViewController.m */ = {isa = PBXFileReference; fileEncoding = 4; lastKnownFileType = sourcecode.c.objc; path = MBMapViewController.m; sourceTree = "<group>"; };
		3D72599515DE51B8005E4539 /* MapKit.framework */ = {isa = PBXFileReference; lastKnownFileType = wrapper.framework; name = MapKit.framework; path = System/Library/Frameworks/MapKit.framework; sourceTree = SDKROOT; };
		3D72599715DE57CE005E4539 /* william.gpx */ = {isa = PBXFileReference; fileEncoding = 4; lastKnownFileType = text.xml; path = william.gpx; sourceTree = "<group>"; };
/* End PBXFileReference section */

/* Begin PBXFrameworksBuildPhase section */
		0A4C4B46157DA51E003919BB /* Frameworks */ = {
			isa = PBXFrameworksBuildPhase;
			buildActionMask = 2147483647;
			files = (
				3D72599615DE51B8005E4539 /* MapKit.framework in Frameworks */,
				0A8680211596667400E6A5CF /* CoreLocation.framework in Frameworks */,
				0A4C4B4E157DA51F003919BB /* UIKit.framework in Frameworks */,
				0A4C4B50157DA51F003919BB /* Foundation.framework in Frameworks */,
				0A4C4B52157DA51F003919BB /* CoreGraphics.framework in Frameworks */,
			);
			runOnlyForDeploymentPostprocessing = 0;
		};
/* End PBXFrameworksBuildPhase section */

/* Begin PBXGroup section */
		0A4C4B3E157DA51E003919BB = {
			isa = PBXGroup;
			children = (
				0A4C4B53157DA51F003919BB /* Meter Beater */,
				0A4C4B4C157DA51F003919BB /* Frameworks */,
				0A4C4B4A157DA51F003919BB /* Products */,
			);
			sourceTree = "<group>";
		};
		0A4C4B4A157DA51F003919BB /* Products */ = {
			isa = PBXGroup;
			children = (
				0A4C4B49157DA51F003919BB /* Meter Beater.app */,
			);
			name = Products;
			sourceTree = "<group>";
		};
		0A4C4B4C157DA51F003919BB /* Frameworks */ = {
			isa = PBXGroup;
			children = (
				0A4C4B51157DA51F003919BB /* CoreGraphics.framework */,
				0A8680201596667400E6A5CF /* CoreLocation.framework */,
				0A4C4B4F157DA51F003919BB /* Foundation.framework */,
				3D72599515DE51B8005E4539 /* MapKit.framework */,
				0A4C4B4D157DA51F003919BB /* UIKit.framework */,
			);
			name = Frameworks;
			sourceTree = "<group>";
		};
		0A4C4B53157DA51F003919BB /* Meter Beater */ = {
			isa = PBXGroup;
			children = (
				0A4C4B5F157DA51F003919BB /* MainStoryboard.storyboard */,
				0A4C4B5C157DA51F003919BB /* MBAppDelegate.h */,
				0A4C4B5D157DA51F003919BB /* MBAppDelegate.m */,
				3D72599215DE5052005E4539 /* MBMapViewController.h */,
				3D72599315DE5052005E4539 /* MBMapViewController.m */,
				3D6377A115F03A120075003C /* MBAPIAccess.h */,
				3D6377A215F03A120075003C /* MBAPIAccess.m */,
				3D99449115E91DD800CA5AB4 /* Model */,
				3D22C26215F251E100451FA1 /* NSDictionary+MBAdditions.h */,
				3D22C26315F251E100451FA1 /* NSDictionary+MBAdditions.m */,
				0A4C4B54157DA51F003919BB /* Supporting Files */,
			);
			path = "Meter Beater";
			sourceTree = "<group>";
		};
		0A4C4B54157DA51F003919BB /* Supporting Files */ = {
			isa = PBXGroup;
			children = (
				0A4C4B59157DA51F003919BB /* main.m */,
				0A4C4B5B157DA51F003919BB /* Meter Beater-Prefix.pch */,
				0A4C4B55157DA51F003919BB /* Meter Beater-Info.plist */,
				0A4C4B56157DA51F003919BB /* InfoPlist.strings */,
				3D72599715DE57CE005E4539 /* william.gpx */,
				3D6377AA15F04A070075003C /* kevin.gpx */,
			);
			name = "Supporting Files";
			sourceTree = "<group>";
		};
		3D99449115E91DD800CA5AB4 /* Model */ = {
			isa = PBXGroup;
			children = (
				3D6377A715F040970075003C /* MBResponse.h */,
				3D6377A815F040970075003C /* MBResponse.m */,
				3D6377A415F03E100075003C /* MBAddress.h */,
				3D6377A515F03E100075003C /* MBAddress.m */,
			);
			name = Model;
			sourceTree = "<group>";
		};
/* End PBXGroup section */

/* Begin PBXNativeTarget section */
		0A4C4B48157DA51E003919BB /* Meter Beater */ = {
			isa = PBXNativeTarget;
			buildConfigurationList = 0A4C4B67157DA51F003919BB /* Build configuration list for PBXNativeTarget "Meter Beater" */;
			buildPhases = (
				0A4C4B45157DA51E003919BB /* Sources */,
				0A4C4B46157DA51E003919BB /* Frameworks */,
				0A4C4B47157DA51E003919BB /* Resources */,
			);
			buildRules = (
			);
			dependencies = (
			);
			name = "Meter Beater";
			productName = mb;
			productReference = 0A4C4B49157DA51F003919BB /* Meter Beater.app */;
			productType = "com.apple.product-type.application";
		};
/* End PBXNativeTarget section */

/* Begin PBXProject section */
		0A4C4B40157DA51E003919BB /* Project object */ = {
			isa = PBXProject;
			attributes = {
				CLASSPREFIX = MB;
				LastUpgradeCheck = 0430;
				ORGANIZATIONNAME = Refactory;
			};
			buildConfigurationList = 0A4C4B43157DA51E003919BB /* Build configuration list for PBXProject "Meter Beater" */;
			compatibilityVersion = "Xcode 3.2";
			developmentRegion = English;
			hasScannedForEncodings = 0;
			knownRegions = (
				en,
			);
			mainGroup = 0A4C4B3E157DA51E003919BB;
			productRefGroup = 0A4C4B4A157DA51F003919BB /* Products */;
			projectDirPath = "";
			projectRoot = "";
			targets = (
				0A4C4B48157DA51E003919BB /* Meter Beater */,
			);
		};
/* End PBXProject section */

/* Begin PBXResourcesBuildPhase section */
		0A4C4B47157DA51E003919BB /* Resources */ = {
			isa = PBXResourcesBuildPhase;
			buildActionMask = 2147483647;
			files = (
				0A4C4B58157DA51F003919BB /* InfoPlist.strings in Resources */,
				0A4C4B61157DA51F003919BB /* MainStoryboard.storyboard in Resources */,
				3D72599815DE57CE005E4539 /* william.gpx in Resources */,
			);
			runOnlyForDeploymentPostprocessing = 0;
		};
/* End PBXResourcesBuildPhase section */

/* Begin PBXSourcesBuildPhase section */
		0A4C4B45157DA51E003919BB /* Sources */ = {
			isa = PBXSourcesBuildPhase;
			buildActionMask = 2147483647;
			files = (
				0A4C4B5A157DA51F003919BB /* main.m in Sources */,
				0A4C4B5E157DA51F003919BB /* MBAppDelegate.m in Sources */,
				3D72599415DE5052005E4539 /* MBMapViewController.m in Sources */,
				3D6377A315F03A120075003C /* MBAPIAccess.m in Sources */,
				3D6377A615F03E100075003C /* MBAddress.m in Sources */,
				3D6377A915F040970075003C /* MBResponse.m in Sources */,
				3D22C26415F251E100451FA1 /* NSDictionary+MBAdditions.m in Sources */,
			);
			runOnlyForDeploymentPostprocessing = 0;
		};
/* End PBXSourcesBuildPhase section */

/* Begin PBXVariantGroup section */
		0A4C4B56157DA51F003919BB /* InfoPlist.strings */ = {
			isa = PBXVariantGroup;
			children = (
				0A4C4B57157DA51F003919BB /* en */,
			);
			name = InfoPlist.strings;
			sourceTree = "<group>";
		};
		0A4C4B5F157DA51F003919BB /* MainStoryboard.storyboard */ = {
			isa = PBXVariantGroup;
			children = (
				0A4C4B60157DA51F003919BB /* en */,
			);
			name = MainStoryboard.storyboard;
			sourceTree = "<group>";
		};
/* End PBXVariantGroup section */

/* Begin XCBuildConfiguration section */
		0A4C4B65157DA51F003919BB /* Debug */ = {
			isa = XCBuildConfiguration;
			buildSettings = {
				ALWAYS_SEARCH_USER_PATHS = NO;
				ARCHS = "$(ARCHS_STANDARD_32_BIT)";
				CLANG_ENABLE_OBJC_ARC = YES;
				"CODE_SIGN_IDENTITY[sdk=iphoneos*]" = "iPhone Developer";
				COPY_PHASE_STRIP = NO;
				GCC_C_LANGUAGE_STANDARD = gnu99;
				GCC_DYNAMIC_NO_PIC = NO;
				GCC_OPTIMIZATION_LEVEL = 0;
				GCC_PREPROCESSOR_DEFINITIONS = (
					"DEBUG=1",
					"$(inherited)",
				);
				GCC_SYMBOLS_PRIVATE_EXTERN = NO;
				GCC_VERSION = com.apple.compilers.llvm.clang.1_0;
				GCC_WARN_ABOUT_RETURN_TYPE = YES;
				GCC_WARN_UNINITIALIZED_AUTOS = YES;
				GCC_WARN_UNUSED_VARIABLE = YES;
				IPHONEOS_DEPLOYMENT_TARGET = 5.1;
				SDKROOT = iphoneos;
			};
			name = Debug;
		};
		0A4C4B66157DA51F003919BB /* Release */ = {
			isa = XCBuildConfiguration;
			buildSettings = {
				ALWAYS_SEARCH_USER_PATHS = NO;
				ARCHS = "$(ARCHS_STANDARD_32_BIT)";
				CLANG_ENABLE_OBJC_ARC = YES;
				"CODE_SIGN_IDENTITY[sdk=iphoneos*]" = "iPhone Developer";
				COPY_PHASE_STRIP = YES;
				GCC_C_LANGUAGE_STANDARD = gnu99;
				GCC_VERSION = com.apple.compilers.llvm.clang.1_0;
				GCC_WARN_ABOUT_RETURN_TYPE = YES;
				GCC_WARN_UNINITIALIZED_AUTOS = YES;
				GCC_WARN_UNUSED_VARIABLE = YES;
				IPHONEOS_DEPLOYMENT_TARGET = 5.1;
				OTHER_CFLAGS = "-DNS_BLOCK_ASSERTIONS=1";
				SDKROOT = iphoneos;
				VALIDATE_PRODUCT = YES;
			};
			name = Release;
		};
		0A4C4B68157DA51F003919BB /* Debug */ = {
			isa = XCBuildConfiguration;
			buildSettings = {
				GCC_PRECOMPILE_PREFIX_HEADER = YES;
				GCC_PREFIX_HEADER = "Meter Beater/Meter Beater-Prefix.pch";
				INFOPLIST_FILE = "Meter Beater/Meter Beater-Info.plist";
				IPHONEOS_DEPLOYMENT_TARGET = 5.0;
				PRODUCT_NAME = "Meter Beater";
				WRAPPER_EXTENSION = app;
			};
			name = Debug;
		};
		0A4C4B69157DA51F003919BB /* Release */ = {
			isa = XCBuildConfiguration;
			buildSettings = {
				GCC_PRECOMPILE_PREFIX_HEADER = YES;
				GCC_PREFIX_HEADER = "Meter Beater/Meter Beater-Prefix.pch";
				INFOPLIST_FILE = "Meter Beater/Meter Beater-Info.plist";
				IPHONEOS_DEPLOYMENT_TARGET = 5.0;
				PRODUCT_NAME = "Meter Beater";
				WRAPPER_EXTENSION = app;
			};
			name = Release;
		};
/* End XCBuildConfiguration section */

/* Begin XCConfigurationList section */
		0A4C4B43157DA51E003919BB /* Build configuration list for PBXProject "Meter Beater" */ = {
			isa = XCConfigurationList;
			buildConfigurations = (
				0A4C4B65157DA51F003919BB /* Debug */,
				0A4C4B66157DA51F003919BB /* Release */,
			);
			defaultConfigurationIsVisible = 0;
			defaultConfigurationName = Release;
		};
		0A4C4B67157DA51F003919BB /* Build configuration list for PBXNativeTarget "Meter Beater" */ = {
			isa = XCConfigurationList;
			buildConfigurations = (
				0A4C4B68157DA51F003919BB /* Debug */,
				0A4C4B69157DA51F003919BB /* Release */,
			);
			defaultConfigurationIsVisible = 0;
			defaultConfigurationName = Release;
		};
/* End XCConfigurationList section */
	};
	rootObject = 0A4C4B40157DA51E003919BB /* Project object */;
}
